<?xml version="1.0" encoding="utf-8"?>
<Project ToolsVersion="4.0" xmlns="http://schemas.microsoft.com/developer/msbuild/2003">
  <ItemGroup>
    <ClCompile Include="..\src\brmixer.cpp">
      <Filter>Source Files</Filter>
    </ClCompile>
    <ClCompile Include="..\src\mixfile.cpp">
      <Filter>Source Files</Filter>
    </ClCompile>
    <ClCompile Include="..\src\shpfile.cpp">
      <Filter>Source Files</Filter>
    </ClCompile>
    <ClCompile Include="..\src\vqafile.cpp">
      <Filter>Source Files</Filter>
    </ClCompile>
  </ItemGroup>
  <ItemGroup>
    <Filter Include="Data Files">
      <UniqueIdentifier>{2ebd6261-811c-4a37-a490-957d97a7fabf}</UniqueIdentifier>
    </Filter>
    <Filter Include="Header Files">
      <UniqueIdentifier>{21febb6d-bccb-43a7-a679-815776c02bce}</UniqueIdentifier>
    </Filter>
    <Filter Include="Source Files">
      <UniqueIdentifier>{961a5dee-d009-4239-99a8-fa8dceb2f8ea}</UniqueIdentifier>
    </Filter>
  </ItemGroup>
  <ItemGroup>
    <Text Include="..\data\id.txt">
      <Filter>Data Files</Filter>
    </Text>
  </ItemGroup>
  <ItemGroup>
    <ClInclude Include="..\src\mixfile.h">
      <Filter>Header Files</Filter>
    </ClInclude>
    <ClInclude Include="..\src\shpfile.h">
      <Filter>Header Files</Filter>
    </ClInclude>
    <ClInclude Include="..\src\vqafile.h">
      <Filter>Header Files</Filter>
    </ClInclude>
  </ItemGroup>
</Project>